
Microsoft Visual Studio Solution File, Format Version 12.00
# Visual Studio Version 17
VisualStudioVersion = 17.3.32825.248
MinimumVisualStudioVersion = 10.0.40219.1
Project("{FAE04EC0-301F-11D3-BF4B-00C04F79EFBC}") = "LibraryManagementConsoleUI", "LibraryManagementConsoleUI\LibraryManagementConsoleUI.csproj", "{2F31F0AE-ABC5-41BF-802E-2D2ABA50624E}"
EndProject
Project("{FAE04EC0-301F-11D3-BF4B-00C04F79EFBC}") = "LibraryManagementClassLib", "LibraryManagementClassLib\LibraryManagementClassLib.csproj", "{91E84D3B-8096-44D6-8B79-7A3D5C5A4A27}"
EndProject
Project("{FAE04EC0-301F-11D3-BF4B-00C04F79EFBC}") = "LibraryManagementTests", "LibraryManagementTests\LibraryManagementTests.csproj", "{434619E4-BC40-41C7-A8AD-3BD3B0854006}"
EndProject
Global
	GlobalSection(SolutionConfigurationPlatforms) = preSolution
		Debug|Any CPU = Debug|Any CPU
		Release|Any CPU = Release|Any CPU
	EndGlobalSection
	GlobalSection(ProjectConfigurationPlatforms) = postSolution
		{2F31F0AE-ABC5-41BF-802E-2D2ABA50624E}.Debug|Any CPU.ActiveCfg = Debug|Any CPU
		{2F31F0AE-ABC5-41BF-802E-2D2ABA50624E}.Debug|Any CPU.Build.0 = Debug|Any CPU
		{2F31F0AE-ABC5-41BF-802E-2D2ABA50624E}.Release|Any CPU.ActiveCfg = Release|Any CPU
		{2F31F0AE-ABC5-41BF-802E-2D2ABA50624E}.Release|Any CPU.Build.0 = Release|Any CPU
		{91E84D3B-8096-44D6-8B79-7A3D5C5A4A27}.Debug|Any CPU.ActiveCfg = Debug|Any CPU
		{91E84D3B-8096-44D6-8B79-7A3D5C5A4A27}.Debug|Any CPU.Build.0 = Debug|Any CPU
		{91E84D3B-8096-44D6-8B79-7A3D5C5A4A27}.Release|Any CPU.ActiveCfg = Release|Any CPU
		{91E84D3B-8096-44D6-8B79-7A3D5C5A4A27}.Release|Any CPU.Build.0 = Release|Any CPU
		{434619E4-BC40-41C7-A8AD-3BD3B0854006}.Debug|Any CPU.ActiveCfg = Debug|Any CPU
		{434619E4-BC40-41C7-A8AD-3BD3B0854006}.Debug|Any CPU.Build.0 = Debug|Any CPU
		{434619E4-BC40-41C7-A8AD-3BD3B0854006}.Release|Any CPU.ActiveCfg = Release|Any CPU
		{434619E4-BC40-41C7-A8AD-3BD3B0854006}.Release|Any CPU.Build.0 = Release|Any CPU
	EndGlobalSection
	GlobalSection(SolutionProperties) = preSolution
		HideSolutionNode = FALSE
	EndGlobalSection
	GlobalSection(ExtensibilityGlobals) = postSolution
		SolutionGuid = {E395717E-60A5-4AE0-8417-898E1D28ED77}
	EndGlobalSection
EndGlobal
